
Microsoft Visual Studio Solution File, Format Version 12.00
# Visual Studio Version 16
VisualStudioVersion = 16.0.29230.47
MinimumVisualStudioVersion = 10.0.40219.1
Project("{FAE04EC0-301F-11D3-BF4B-00C04F79EFBC}") = "Mascota", "Mascota\Mascota.csproj", "{CF1DFE97-FBA0-4A1E-9978-036D59A84A89}"
EndProject
Global
	GlobalSection(SolutionConfigurationPlatforms) = preSolution
		Debug|Any CPU = Debug|Any CPU
		Release|Any CPU = Release|Any CPU
	EndGlobalSection
	GlobalSection(ProjectConfigurationPlatforms) = postSolution
		{CF1DFE97-FBA0-4A1E-9978-036D59A84A89}.Debug|Any CPU.ActiveCfg = Debug|Any CPU
		{CF1DFE97-FBA0-4A1E-9978-036D59A84A89}.Debug|Any CPU.Build.0 = Debug|Any CPU
		{CF1DFE97-FBA0-4A1E-9978-036D59A84A89}.Release|Any CPU.ActiveCfg = Release|Any CPU
		{CF1DFE97-FBA0-4A1E-9978-036D59A84A89}.Release|Any CPU.Build.0 = Release|Any CPU
	EndGlobalSection
	GlobalSection(SolutionProperties) = preSolution
		HideSolutionNode = FALSE
	EndGlobalSection
	GlobalSection(ExtensibilityGlobals) = postSolution
		SolutionGuid = {8E365988-7AA0-4960-871B-61129C59A8D6}
	EndGlobalSection
EndGlobal
